
Microsoft Visual Studio Solution File, Format Version 12.00
# Visual Studio 15
VisualStudioVersion = 15.0.27130.2003
MinimumVisualStudioVersion = 10.0.40219.1
Project("{FAE04EC0-301F-11D3-BF4B-00C04F79EFBC}") = "SolarSystem", "SolarSystem\SolarSystem.csproj", "{E2B08437-4C5C-4C2C-9443-30C8DC7D2525}"
EndProject
Global
	GlobalSection(SolutionConfigurationPlatforms) = preSolution
		Debug|Any CPU = Debug|Any CPU
		Release|Any CPU = Release|Any CPU
	EndGlobalSection
	GlobalSection(ProjectConfigurationPlatforms) = postSolution
		{E2B08437-4C5C-4C2C-9443-30C8DC7D2525}.Debug|Any CPU.ActiveCfg = Debug|Any CPU
		{E2B08437-4C5C-4C2C-9443-30C8DC7D2525}.Debug|Any CPU.Build.0 = Debug|Any CPU
		{E2B08437-4C5C-4C2C-9443-30C8DC7D2525}.Release|Any CPU.ActiveCfg = Release|Any CPU
		{E2B08437-4C5C-4C2C-9443-30C8DC7D2525}.Release|Any CPU.Build.0 = Release|Any CPU
	EndGlobalSection
	GlobalSection(SolutionProperties) = preSolution
		HideSolutionNode = FALSE
	EndGlobalSection
	GlobalSection(ExtensibilityGlobals) = postSolution
		SolutionGuid = {B7D0801C-1FC5-4CE1-9730-5E42200D363C}
	EndGlobalSection
EndGlobal
